
Microsoft Visual Studio Solution File, Format Version 12.00
# Visual Studio 15
VisualStudioVersion = 15.0.26430.4
MinimumVisualStudioVersion = 10.0.40219.1
Project("{FAE04EC0-301F-11D3-BF4B-00C04F79EFBC}") = "Hotel Management", "Hotel Management\Hotel Management.csproj", "{282CEFB2-5B83-44C5-9D1A-0268A9E78C3F}"
EndProject
Project("{FAE04EC0-301F-11D3-BF4B-00C04F79EFBC}") = "EntityLayer", "Entity\EntityLayer.csproj", "{F56FE755-D338-4DE9-8B66-570F11FA271B}"
EndProject
Project("{FAE04EC0-301F-11D3-BF4B-00C04F79EFBC}") = "RepositoryLayer", "RepositoryLayer\RepositoryLayer.csproj", "{3C0BC83E-8FC8-4FA9-955F-D3C5C174AA11}"
EndProject
Project("{FAE04EC0-301F-11D3-BF4B-00C04F79EFBC}") = "Service", "Service\Service.csproj", "{C23BF3F3-9DD4-4EE8-A1E3-A458CEBC6443}"
EndProject
Global
	GlobalSection(SolutionConfigurationPlatforms) = preSolution
		Debug|Any CPU = Debug|Any CPU
		Release|Any CPU = Release|Any CPU
	EndGlobalSection
	GlobalSection(ProjectConfigurationPlatforms) = postSolution
		{282CEFB2-5B83-44C5-9D1A-0268A9E78C3F}.Debug|Any CPU.ActiveCfg = Debug|Any CPU
		{282CEFB2-5B83-44C5-9D1A-0268A9E78C3F}.Debug|Any CPU.Build.0 = Debug|Any CPU
		{282CEFB2-5B83-44C5-9D1A-0268A9E78C3F}.Release|Any CPU.ActiveCfg = Release|Any CPU
		{282CEFB2-5B83-44C5-9D1A-0268A9E78C3F}.Release|Any CPU.Build.0 = Release|Any CPU
		{F56FE755-D338-4DE9-8B66-570F11FA271B}.Debug|Any CPU.ActiveCfg = Debug|Any CPU
		{F56FE755-D338-4DE9-8B66-570F11FA271B}.Debug|Any CPU.Build.0 = Debug|Any CPU
		{F56FE755-D338-4DE9-8B66-570F11FA271B}.Release|Any CPU.ActiveCfg = Release|Any CPU
		{F56FE755-D338-4DE9-8B66-570F11FA271B}.Release|Any CPU.Build.0 = Release|Any CPU
		{3C0BC83E-8FC8-4FA9-955F-D3C5C174AA11}.Debug|Any CPU.ActiveCfg = Debug|Any CPU
		{3C0BC83E-8FC8-4FA9-955F-D3C5C174AA11}.Debug|Any CPU.Build.0 = Debug|Any CPU
		{3C0BC83E-8FC8-4FA9-955F-D3C5C174AA11}.Release|Any CPU.ActiveCfg = Release|Any CPU
		{3C0BC83E-8FC8-4FA9-955F-D3C5C174AA11}.Release|Any CPU.Build.0 = Release|Any CPU
		{C23BF3F3-9DD4-4EE8-A1E3-A458CEBC6443}.Debug|Any CPU.ActiveCfg = Debug|Any CPU
		{C23BF3F3-9DD4-4EE8-A1E3-A458CEBC6443}.Debug|Any CPU.Build.0 = Debug|Any CPU
		{C23BF3F3-9DD4-4EE8-A1E3-A458CEBC6443}.Release|Any CPU.ActiveCfg = Release|Any CPU
		{C23BF3F3-9DD4-4EE8-A1E3-A458CEBC6443}.Release|Any CPU.Build.0 = Release|Any CPU
	EndGlobalSection
	GlobalSection(SolutionProperties) = preSolution
		HideSolutionNode = FALSE
	EndGlobalSection
EndGlobal
